// !$*UTF8*$!
{
	archiveVersion = 1;
	classes = {
	};
	objectVersion = 46;
	objects = {

/* Begin PBXBuildFile section */
		577F18F71990C89300C43380 /* Foundation.framework in Frameworks */ = {isa = PBXBuildFile; fileRef = 577F18F61990C89300C43380 /* Foundation.framework */; };
		577F18F91990C89300C43380 /* CoreGraphics.framework in Frameworks */ = {isa = PBXBuildFile; fileRef = 577F18F81990C89300C43380 /* CoreGraphics.framework */; };
		577F18FB1990C89300C43380 /* UIKit.framework in Frameworks */ = {isa = PBXBuildFile; fileRef = 577F18FA1990C89300C43380 /* UIKit.framework */; };
		577F19011990C89300C43380 /* InfoPlist.strings in Resources */ = {isa = PBXBuildFile; fileRef = 577F18FF1990C89300C43380 /* InfoPlist.strings */; };
		577F19031990C89300C43380 /* main.m in Sources */ = {isa = PBXBuildFile; fileRef = 577F19021990C89300C43380 /* main.m */; };
		577F19071990C89300C43380 /* ZOYAppDelegate.m in Sources */ = {isa = PBXBuildFile; fileRef = 577F19061990C89300C43380 /* ZOYAppDelegate.m */; };
		577F190A1990C89300C43380 /* Main.storyboard in Resources */ = {isa = PBXBuildFile; fileRef = 577F19081990C89300C43380 /* Main.storyboard */; };
		577F190D1990C89300C43380 /* ZOYViewController.m in Sources */ = {isa = PBXBuildFile; fileRef = 577F190C1990C89300C43380 /* ZOYViewController.m */; };
		577F190F1990C89300C43380 /* Images.xcassets in Resources */ = {isa = PBXBuildFile; fileRef = 577F190E1990C89300C43380 /* Images.xcassets */; };
		577F19161990C89300C43380 /* XCTest.framework in Frameworks */ = {isa = PBXBuildFile; fileRef = 577F19151990C89300C43380 /* XCTest.framework */; };
		577F19171990C89300C43380 /* Foundation.framework in Frameworks */ = {isa = PBXBuildFile; fileRef = 577F18F61990C89300C43380 /* Foundation.framework */; };
		577F19181990C89300C43380 /* UIKit.framework in Frameworks */ = {isa = PBXBuildFile; fileRef = 577F18FA1990C89300C43380 /* UIKit.framework */; };
		577F19201990C89300C43380 /* InfoPlist.strings in Resources */ = {isa = PBXBuildFile; fileRef = 577F191E1990C89300C43380 /* InfoPlist.strings */; };
		577F19221990C89300C43380 /* HelloWorldTests.m in Sources */ = {isa = PBXBuildFile; fileRef = 577F19211990C89300C43380 /* HelloWorldTests.m */; };
/* End PBXBuildFile section */

/* Begin PBXContainerItemProxy section */
		577F19191990C89300C43380 /* PBXContainerItemProxy */ = {
			isa = PBXContainerItemProxy;
			containerPortal = 577F18EB1990C89300C43380 /* Project object */;
			proxyType = 1;
			remoteGlobalIDString = 577F18F21990C89300C43380;
			remoteInfo = HelloWorld;
		};
/* End PBXContainerItemProxy section */

/* Begin PBXFileReference section */
		577F18F31990C89300C43380 /* HelloWorld.app */ = {isa = PBXFileReference; explicitFileType = wrapper.application; includeInIndex = 0; path = HelloWorld.app; sourceTree = BUILT_PRODUCTS_DIR; };
		577F18F61990C89300C43380 /* Foundation.framework */ = {isa = PBXFileReference; lastKnownFileType = wrapper.framework; name = Foundation.framework; path = System/Library/Frameworks/Foundation.framework; sourceTree = SDKROOT; };
		577F18F81990C89300C43380 /* CoreGraphics.framework */ = {isa = PBXFileReference; lastKnownFileType = wrapper.framework; name = CoreGraphics.framework; path = System/Library/Frameworks/CoreGraphics.framework; sourceTree = SDKROOT; };
		577F18FA1990C89300C43380 /* UIKit.framework */ = {isa = PBXFileReference; lastKnownFileType = wrapper.framework; name = UIKit.framework; path = System/Library/Frameworks/UIKit.framework; sourceTree = SDKROOT; };
		577F18FE1990C89300C43380 /* HelloWorld-Info.plist */ = {isa = PBXFileReference; lastKnownFileType = text.plist.xml; path = "HelloWorld-Info.plist"; sourceTree = "<group>"; };
		577F19001990C89300C43380 /* en */ = {isa = PBXFileReference; lastKnownFileType = text.plist.strings; name = en; path = en.lproj/InfoPlist.strings; sourceTree = "<group>"; };
		577F19021990C89300C43380 /* main.m */ = {isa = PBXFileReference; lastKnownFileType = sourcecode.c.objc; path = main.m; sourceTree = "<group>"; };
		577F19041990C89300C43380 /* HelloWorld-Prefix.pch */ = {isa = PBXFileReference; lastKnownFileType = sourcecode.c.h; path = "HelloWorld-Prefix.pch"; sourceTree = "<group>"; };
		577F19051990C89300C43380 /* ZOYAppDelegate.h */ = {isa = PBXFileReference; lastKnownFileType = sourcecode.c.h; path = ZOYAppDelegate.h; sourceTree = "<group>"; };
		577F19061990C89300C43380 /* ZOYAppDelegate.m */ = {isa = PBXFileReference; lastKnownFileType = sourcecode.c.objc; path = ZOYAppDelegate.m; sourceTree = "<group>"; };
		577F19091990C89300C43380 /* Base */ = {isa = PBXFileReference; lastKnownFileType = file.storyboard; name = Base; path = Base.lproj/Main.storyboard; sourceTree = "<group>"; };
		577F190B1990C89300C43380 /* ZOYViewController.h */ = {isa = PBXFileReference; lastKnownFileType = sourcecode.c.h; path = ZOYViewController.h; sourceTree = "<group>"; };
		577F190C1990C89300C43380 /* ZOYViewController.m */ = {isa = PBXFileReference; lastKnownFileType = sourcecode.c.objc; path = ZOYViewController.m; sourceTree = "<group>"; };
		577F190E1990C89300C43380 /* Images.xcassets */ = {isa = PBXFileReference; lastKnownFileType = folder.assetcatalog; path = Images.xcassets; sourceTree = "<group>"; };
		577F19141990C89300C43380 /* HelloWorldTests.xctest */ = {isa = PBXFileReference; explicitFileType = wrapper.cfbundle; includeInIndex = 0; path = HelloWorldTests.xctest; sourceTree = BUILT_PRODUCTS_DIR; };
		577F19151990C89300C43380 /* XCTest.framework */ = {isa = PBXFileReference; lastKnownFileType = wrapper.framework; name = XCTest.framework; path = Library/Frameworks/XCTest.framework; sourceTree = DEVELOPER_DIR; };
		577F191D1990C89300C43380 /* HelloWorldTests-Info.plist */ = {isa = PBXFileReference; lastKnownFileType = text.plist.xml; path = "HelloWorldTests-Info.plist"; sourceTree = "<group>"; };
		577F191F1990C89300C43380 /* en */ = {isa = PBXFileReference; lastKnownFileType = text.plist.strings; name = en; path = en.lproj/InfoPlist.strings; sourceTree = "<group>"; };
		577F19211990C89300C43380 /* HelloWorldTests.m */ = {isa = PBXFileReference; lastKnownFileType = sourcecode.c.objc; path = HelloWorldTests.m; sourceTree = "<group>"; };
/* End PBXFileReference section */

/* Begin PBXFrameworksBuildPhase section */
		577F18F01990C89300C43380 /* Frameworks */ = {
			isa = PBXFrameworksBuildPhase;
			buildActionMask = 2147483647;
			files = (
				577F18F91990C89300C43380 /* CoreGraphics.framework in Frameworks */,
				577F18FB1990C89300C43380 /* UIKit.framework in Frameworks */,
				577F18F71990C89300C43380 /* Foundation.framework in Frameworks */,
			);
			runOnlyForDeploymentPostprocessing = 0;
		};
		577F19111990C89300C43380 /* Frameworks */ = {
			isa = PBXFrameworksBuildPhase;
			buildActionMask = 2147483647;
			files = (
				577F19161990C89300C43380 /* XCTest.framework in Frameworks */,
				577F19181990C89300C43380 /* UIKit.framework in Frameworks */,
				577F19171990C89300C43380 /* Foundation.framework in Frameworks */,
			);
			runOnlyForDeploymentPostprocessing = 0;
		};
/* End PBXFrameworksBuildPhase section */

/* Begin PBXGroup section */
		577F18EA1990C89300C43380 = {
			isa = PBXGroup;
			children = (
				577F18FC1990C89300C43380 /* HelloWorld */,
				577F191B1990C89300C43380 /* HelloWorldTests */,
				577F18F51990C89300C43380 /* Frameworks */,
				577F18F41990C89300C43380 /* Products */,
			);
			sourceTree = "<group>";
		};
		577F18F41990C89300C43380 /* Products */ = {
			isa = PBXGroup;
			children = (
				577F18F31990C89300C43380 /* HelloWorld.app */,
				577F19141990C89300C43380 /* HelloWorldTests.xctest */,
			);
			name = Products;
			sourceTree = "<group>";
		};
		577F18F51990C89300C43380 /* Frameworks */ = {
			isa = PBXGroup;
			children = (
				577F18F61990C89300C43380 /* Foundation.framework */,
				577F18F81990C89300C43380 /* CoreGraphics.framework */,
				577F18FA1990C89300C43380 /* UIKit.framework */,
				577F19151990C89300C43380 /* XCTest.framework */,
			);
			name = Frameworks;
			sourceTree = "<group>";
		};
		577F18FC1990C89300C43380 /* HelloWorld */ = {
			isa = PBXGroup;
			children = (
				577F19051990C89300C43380 /* ZOYAppDelegate.h */,
				577F19061990C89300C43380 /* ZOYAppDelegate.m */,
				577F19081990C89300C43380 /* Main.storyboard */,
				577F190B1990C89300C43380 /* ZOYViewController.h */,
				577F190C1990C89300C43380 /* ZOYViewController.m */,
				577F190E1990C89300C43380 /* Images.xcassets */,
				577F18FD1990C89300C43380 /* Supporting Files */,
			);
			path = HelloWorld;
			sourceTree = "<group>";
		};
		577F18FD1990C89300C43380 /* Supporting Files */ = {
			isa = PBXGroup;
			children = (
				577F18FE1990C89300C43380 /* HelloWorld-Info.plist */,
				577F18FF1990C89300C43380 /* InfoPlist.strings */,
				577F19021990C89300C43380 /* main.m */,
				577F19041990C89300C43380 /* HelloWorld-Prefix.pch */,
			);
			name = "Supporting Files";
			sourceTree = "<group>";
		};
		577F191B1990C89300C43380 /* HelloWorldTests */ = {
			isa = PBXGroup;
			children = (
				577F19211990C89300C43380 /* HelloWorldTests.m */,
				577F191C1990C89300C43380 /* Supporting Files */,
			);
			path = HelloWorldTests;
			sourceTree = "<group>";
		};
		577F191C1990C89300C43380 /* Supporting Files */ = {
			isa = PBXGroup;
			children = (
				577F191D1990C89300C43380 /* HelloWorldTests-Info.plist */,
				577F191E1990C89300C43380 /* InfoPlist.strings */,
			);
			name = "Supporting Files";
			sourceTree = "<group>";
		};
/* End PBXGroup section */

/* Begin PBXNativeTarget section */
		577F18F21990C89300C43380 /* HelloWorld */ = {
			isa = PBXNativeTarget;
			buildConfigurationList = 577F19251990C89300C43380 /* Build configuration list for PBXNativeTarget "HelloWorld" */;
			buildPhases = (
				577F18EF1990C89300C43380 /* Sources */,
				577F18F01990C89300C43380 /* Frameworks */,
				577F18F11990C89300C43380 /* Resources */,
			);
			buildRules = (
			);
			dependencies = (
			);
			name = HelloWorld;
			productName = HelloWorld;
			productReference = 577F18F31990C89300C43380 /* HelloWorld.app */;
			productType = "com.apple.product-type.application";
		};
		577F19131990C89300C43380 /* HelloWorldTests */ = {
			isa = PBXNativeTarget;
			buildConfigurationList = 577F19281990C89300C43380 /* Build configuration list for PBXNativeTarget "HelloWorldTests" */;
			buildPhases = (
				577F19101990C89300C43380 /* Sources */,
				577F19111990C89300C43380 /* Frameworks */,
				577F19121990C89300C43380 /* Resources */,
			);
			buildRules = (
			);
			dependencies = (
				577F191A1990C89300C43380 /* PBXTargetDependency */,
			);
			name = HelloWorldTests;
			productName = HelloWorldTests;
			productReference = 577F19141990C89300C43380 /* HelloWorldTests.xctest */;
			productType = "com.apple.product-type.bundle.unit-test";
		};
/* End PBXNativeTarget section */

/* Begin PBXProject section */
		577F18EB1990C89300C43380 /* Project object */ = {
			isa = PBXProject;
			attributes = {
				CLASSPREFIX = ZOY;
				LastUpgradeCheck = 0510;
				ORGANIZATIONNAME = Young;
				TargetAttributes = {
					577F19131990C89300C43380 = {
						TestTargetID = 577F18F21990C89300C43380;
					};
				};
			};
			buildConfigurationList = 577F18EE1990C89300C43380 /* Build configuration list for PBXProject "HelloWorld" */;
			compatibilityVersion = "Xcode 3.2";
			developmentRegion = English;
			hasScannedForEncodings = 0;
			knownRegions = (
				en,
				Base,
			);
			mainGroup = 577F18EA1990C89300C43380;
			productRefGroup = 577F18F41990C89300C43380 /* Products */;
			projectDirPath = "";
			projectRoot = "";
			targets = (
				577F18F21990C89300C43380 /* HelloWorld */,
				577F19131990C89300C43380 /* HelloWorldTests */,
			);
		};
/* End PBXProject section */

/* Begin PBXResourcesBuildPhase section */
		577F18F11990C89300C43380 /* Resources */ = {
			isa = PBXResourcesBuildPhase;
			buildActionMask = 2147483647;
			files = (
				577F190F1990C89300C43380 /* Images.xcassets in Resources */,
				577F19011990C89300C43380 /* InfoPlist.strings in Resources */,
				577F190A1990C89300C43380 /* Main.storyboard in Resources */,
			);
			runOnlyForDeploymentPostprocessing = 0;
		};
		577F19121990C89300C43380 /* Resources */ = {
			isa = PBXResourcesBuildPhase;
			buildActionMask = 2147483647;
			files = (
				577F19201990C89300C43380 /* InfoPlist.strings in Resources */,
			);
			runOnlyForDeploymentPostprocessing = 0;
		};
/* End PBXResourcesBuildPhase section */

/* Begin PBXSourcesBuildPhase section */
		577F18EF1990C89300C43380 /* Sources */ = {
			isa = PBXSourcesBuildPhase;
			buildActionMask = 2147483647;
			files = (
				577F190D1990C89300C43380 /* ZOYViewController.m in Sources */,
				577F19031990C89300C43380 /* main.m in Sources */,
				577F19071990C89300C43380 /* ZOYAppDelegate.m in Sources */,
			);
			runOnlyForDeploymentPostprocessing = 0;
		};
		577F19101990C89300C43380 /* Sources */ = {
			isa = PBXSourcesBuildPhase;
			buildActionMask = 2147483647;
			files = (
				577F19221990C89300C43380 /* HelloWorldTests.m in Sources */,
			);
			runOnlyForDeploymentPostprocessing = 0;
		};
/* End PBXSourcesBuildPhase section */

/* Begin PBXTargetDependency section */
		577F191A1990C89300C43380 /* PBXTargetDependency */ = {
			isa = PBXTargetDependency;
			target = 577F18F21990C89300C43380 /* HelloWorld */;
			targetProxy = 577F19191990C89300C43380 /* PBXContainerItemProxy */;
		};
/* End PBXTargetDependency section */

/* Begin PBXVariantGroup section */
		577F18FF1990C89300C43380 /* InfoPlist.strings */ = {
			isa = PBXVariantGroup;
			children = (
				577F19001990C89300C43380 /* en */,
			);
			name = InfoPlist.strings;
			sourceTree = "<group>";
		};
		577F19081990C89300C43380 /* Main.storyboard */ = {
			isa = PBXVariantGroup;
			children = (
				577F19091990C89300C43380 /* Base */,
			);
			name = Main.storyboard;
			sourceTree = "<group>";
		};
		577F191E1990C89300C43380 /* InfoPlist.strings */ = {
			isa = PBXVariantGroup;
			children = (
				577F191F1990C89300C43380 /* en */,
			);
			name = InfoPlist.strings;
			sourceTree = "<group>";
		};
/* End PBXVariantGroup section */

/* Begin XCBuildConfiguration section */
		577F19231990C89300C43380 /* Debug */ = {
			isa = XCBuildConfiguration;
			buildSettings = {
				ALWAYS_SEARCH_USER_PATHS = NO;
				CLANG_CXX_LANGUAGE_STANDARD = "gnu++0x";
				CLANG_CXX_LIBRARY = "libc++";
				CLANG_ENABLE_MODULES = YES;
				CLANG_ENABLE_OBJC_ARC = YES;
				CLANG_WARN_BOOL_CONVERSION = YES;
				CLANG_WARN_CONSTANT_CONVERSION = YES;
				CLANG_WARN_DIRECT_OBJC_ISA_USAGE = YES_ERROR;
				CLANG_WARN_EMPTY_BODY = YES;
				CLANG_WARN_ENUM_CONVERSION = YES;
				CLANG_WARN_INT_CONVERSION = YES;
				CLANG_WARN_OBJC_ROOT_CLASS = YES_ERROR;
				CLANG_WARN__DUPLICATE_METHOD_MATCH = YES;
				"CODE_SIGN_IDENTITY[sdk=iphoneos*]" = "iPhone Developer";
				COPY_PHASE_STRIP = NO;
				GCC_C_LANGUAGE_STANDARD = gnu99;
				GCC_DYNAMIC_NO_PIC = NO;
				GCC_OPTIMIZATION_LEVEL = 0;
				GCC_PREPROCESSOR_DEFINITIONS = (
					"DEBUG=1",
					"$(inherited)",
				);
				GCC_SYMBOLS_PRIVATE_EXTERN = NO;
				GCC_WARN_64_TO_32_BIT_CONVERSION = YES;
				GCC_WARN_ABOUT_RETURN_TYPE = YES_ERROR;
				GCC_WARN_UNDECLARED_SELECTOR = YES;
				GCC_WARN_UNINITIALIZED_AUTOS = YES_AGGRESSIVE;
				GCC_WARN_UNUSED_FUNCTION = YES;
				GCC_WARN_UNUSED_VARIABLE = YES;
				IPHONEOS_DEPLOYMENT_TARGET = 7.1;
				ONLY_ACTIVE_ARCH = YES;
				SDKROOT = iphoneos;
			};
			name = Debug;
		};
		577F19241990C89300C43380 /* Release */ = {
			isa = XCBuildConfiguration;
			buildSettings = {
				ALWAYS_SEARCH_USER_PATHS = NO;
				CLANG_CXX_LANGUAGE_STANDARD = "gnu++0x";
				CLANG_CXX_LIBRARY = "libc++";
				CLANG_ENABLE_MODULES = YES;
				CLANG_ENABLE_OBJC_ARC = YES;
				CLANG_WARN_BOOL_CONVERSION = YES;
				CLANG_WARN_CONSTANT_CONVERSION = YES;
				CLANG_WARN_DIRECT_OBJC_ISA_USAGE = YES_ERROR;
				CLANG_WARN_EMPTY_BODY = YES;
				CLANG_WARN_ENUM_CONVERSION = YES;
				CLANG_WARN_INT_CONVERSION = YES;
				CLANG_WARN_OBJC_ROOT_CLASS = YES_ERROR;
				CLANG_WARN__DUPLICATE_METHOD_MATCH = YES;
				"CODE_SIGN_IDENTITY[sdk=iphoneos*]" = "iPhone Developer";
				COPY_PHASE_STRIP = YES;
				ENABLE_NS_ASSERTIONS = NO;
				GCC_C_LANGUAGE_STANDARD = gnu99;
				GCC_WARN_64_TO_32_BIT_CONVERSION = YES;
				GCC_WARN_ABOUT_RETURN_TYPE = YES_ERROR;
				GCC_WARN_UNDECLARED_SELECTOR = YES;
				GCC_WARN_UNINITIALIZED_AUTOS = YES_AGGRESSIVE;
				GCC_WARN_UNUSED_FUNCTION = YES;
				GCC_WARN_UNUSED_VARIABLE = YES;
				IPHONEOS_DEPLOYMENT_TARGET = 7.1;
				SDKROOT = iphoneos;
				VALIDATE_PRODUCT = YES;
			};
			name = Release;
		};
		577F19261990C89300C43380 /* Debug */ = {
			isa = XCBuildConfiguration;
			buildSettings = {
				ASSETCATALOG_COMPILER_APPICON_NAME = AppIcon;
				ASSETCATALOG_COMPILER_LAUNCHIMAGE_NAME = LaunchImage;
				GCC_PRECOMPILE_PREFIX_HEADER = YES;
				GCC_PREFIX_HEADER = "HelloWorld/HelloWorld-Prefix.pch";
				INFOPLIST_FILE = "HelloWorld/HelloWorld-Info.plist";
				PRODUCT_NAME = "$(TARGET_NAME)";
				WRAPPER_EXTENSION = app;
			};
			name = Debug;
		};
		577F19271990C89300C43380 /* Release */ = {
			isa = XCBuildConfiguration;
			buildSettings = {
				ASSETCATALOG_COMPILER_APPICON_NAME = AppIcon;
				ASSETCATALOG_COMPILER_LAUNCHIMAGE_NAME = LaunchImage;
				GCC_PRECOMPILE_PREFIX_HEADER = YES;
				GCC_PREFIX_HEADER = "HelloWorld/HelloWorld-Prefix.pch";
				INFOPLIST_FILE = "HelloWorld/HelloWorld-Info.plist";
				PRODUCT_NAME = "$(TARGET_NAME)";
				WRAPPER_EXTENSION = app;
			};
			name = Release;
		};
		577F19291990C89300C43380 /* Debug */ = {
			isa = XCBuildConfiguration;
			buildSettings = {
				BUNDLE_LOADER = "$(BUILT_PRODUCTS_DIR)/HelloWorld.app/HelloWorld";
				FRAMEWORK_SEARCH_PATHS = (
					"$(SDKROOT)/Developer/Library/Frameworks",
					"$(inherited)",
					"$(DEVELOPER_FRAMEWORKS_DIR)",
				);
				GCC_PRECOMPILE_PREFIX_HEADER = YES;
				GCC_PREFIX_HEADER = "HelloWorld/HelloWorld-Prefix.pch";
				GCC_PREPROCESSOR_DEFINITIONS = (
					"DEBUG=1",
					"$(inherited)",
				);
				INFOPLIST_FILE = "HelloWorldTests/HelloWorldTests-Info.plist";
				PRODUCT_NAME = "$(TARGET_NAME)";
				TEST_HOST = "$(BUNDLE_LOADER)";
				WRAPPER_EXTENSION = xctest;
			};
			name = Debug;
		};
		577F192A1990C89300C43380 /* Release */ = {
			isa = XCBuildConfiguration;
			buildSettings = {
				BUNDLE_LOADER = "$(BUILT_PRODUCTS_DIR)/HelloWorld.app/HelloWorld";
				FRAMEWORK_SEARCH_PATHS = (
					"$(SDKROOT)/Developer/Library/Frameworks",
					"$(inherited)",
					"$(DEVELOPER_FRAMEWORKS_DIR)",
				);
				GCC_PRECOMPILE_PREFIX_HEADER = YES;
				GCC_PREFIX_HEADER = "HelloWorld/HelloWorld-Prefix.pch";
				INFOPLIST_FILE = "HelloWorldTests/HelloWorldTests-Info.plist";
				PRODUCT_NAME = "$(TARGET_NAME)";
				TEST_HOST = "$(BUNDLE_LOADER)";
				WRAPPER_EXTENSION = xctest;
			};
			name = Release;
		};
/* End XCBuildConfiguration section */

/* Begin XCConfigurationList section */
		577F18EE1990C89300C43380 /* Build configuration list for PBXProject "HelloWorld" */ = {
			isa = XCConfigurationList;
			buildConfigurations = (
				577F19231990C89300C43380 /* Debug */,
				577F19241990C89300C43380 /* Release */,
			);
			defaultConfigurationIsVisible = 0;
			defaultConfigurationName = Release;
		};
		577F19251990C89300C43380 /* Build configuration list for PBXNativeTarget "HelloWorld" */ = {
			isa = XCConfigurationList;
			buildConfigurations = (
				577F19261990C89300C43380 /* Debug */,
				577F19271990C89300C43380 /* Release */,
			);
			defaultConfigurationIsVisible = 0;
		};
		577F19281990C89300C43380 /* Build configuration list for PBXNativeTarget "HelloWorldTests" */ = {
			isa = XCConfigurationList;
			buildConfigurations = (
				577F19291990C89300C43380 /* Debug */,
				577F192A1990C89300C43380 /* Release */,
			);
			defaultConfigurationIsVisible = 0;
		};
/* End XCConfigurationList section */
	};
	rootObject = 577F18EB1990C89300C43380 /* Project object */;
}
